
Microsoft Visual Studio Solution File, Format Version 12.00
# Visual Studio 15
VisualStudioVersion = 15.0.27703.2035
MinimumVisualStudioVersion = 10.0.40219.1
Project("{FAE04EC0-301F-11D3-BF4B-00C04F79EFBC}") = "RPRAssistant", "RPRAssistant\RPRAssistant.csproj", "{7526265D-4BC1-45AE-BC0F-D9E280DD4406}"
EndProject
Project("{FAE04EC0-301F-11D3-BF4B-00C04F79EFBC}") = "RPRAssistant.Tests", "RPRAssistant.Tests\RPRAssistant.Tests.csproj", "{6FCC7F84-20BB-4908-BAE7-EB5D82BE5C06}"
EndProject
Global
	GlobalSection(SolutionConfigurationPlatforms) = preSolution
		Debug|Any CPU = Debug|Any CPU
		Release|Any CPU = Release|Any CPU
	EndGlobalSection
	GlobalSection(ProjectConfigurationPlatforms) = postSolution
		{7526265D-4BC1-45AE-BC0F-D9E280DD4406}.Debug|Any CPU.ActiveCfg = Debug|Any CPU
		{7526265D-4BC1-45AE-BC0F-D9E280DD4406}.Debug|Any CPU.Build.0 = Debug|Any CPU
		{7526265D-4BC1-45AE-BC0F-D9E280DD4406}.Release|Any CPU.ActiveCfg = Release|Any CPU
		{7526265D-4BC1-45AE-BC0F-D9E280DD4406}.Release|Any CPU.Build.0 = Release|Any CPU
		{6FCC7F84-20BB-4908-BAE7-EB5D82BE5C06}.Debug|Any CPU.ActiveCfg = Debug|Any CPU
		{6FCC7F84-20BB-4908-BAE7-EB5D82BE5C06}.Debug|Any CPU.Build.0 = Debug|Any CPU
		{6FCC7F84-20BB-4908-BAE7-EB5D82BE5C06}.Release|Any CPU.ActiveCfg = Release|Any CPU
		{6FCC7F84-20BB-4908-BAE7-EB5D82BE5C06}.Release|Any CPU.Build.0 = Release|Any CPU
	EndGlobalSection
	GlobalSection(SolutionProperties) = preSolution
		HideSolutionNode = FALSE
	EndGlobalSection
	GlobalSection(ExtensibilityGlobals) = postSolution
		SolutionGuid = {1FE22B3B-54A8-4CEE-A1BA-4C36A3A94478}
	EndGlobalSection
EndGlobal
